
Microsoft Visual Studio Solution File, Format Version 12.00
# Visual Studio 15
Project("{FAE04EC0-301F-11D3-BF4B-00C04F79EFBC}") = "StaffPortal", "StaffPortal.csproj", "{18D8E1C5-DC4B-4020-96AA-5B94C779E923}"
EndProject
Global
	GlobalSection(SolutionConfigurationPlatforms) = preSolution
		Debug|Any CPU = Debug|Any CPU
		Release|Any CPU = Release|Any CPU
	EndGlobalSection
	GlobalSection(ProjectConfigurationPlatforms) = postSolution
		{18D8E1C5-DC4B-4020-96AA-5B94C779E923}.Debug|Any CPU.ActiveCfg = Debug|Any CPU
		{18D8E1C5-DC4B-4020-96AA-5B94C779E923}.Debug|Any CPU.Build.0 = Debug|Any CPU
		{18D8E1C5-DC4B-4020-96AA-5B94C779E923}.Release|Any CPU.ActiveCfg = Release|Any CPU
		{18D8E1C5-DC4B-4020-96AA-5B94C779E923}.Release|Any CPU.Build.0 = Release|Any CPU
	EndGlobalSection
EndGlobal
